
Microsoft Visual Studio Solution File, Format Version 12.00
# Visual Studio Version 17
VisualStudioVersion = 17.4.33213.308
MinimumVisualStudioVersion = 10.0.40219.1
Project("{9A19103F-16F7-4668-BE54-9A1E7A4F7556}") = "Costco.Core", "Costco.Core\Costco.Core.csproj", "{EA6F1D83-DA16-4545-B480-803601167196}"
EndProject
Project("{9A19103F-16F7-4668-BE54-9A1E7A4F7556}") = "Costco.TestData", "Costco.TestData\Costco.TestData.csproj", "{05743FF1-C396-420A-9AE3-C24D08E6502E}"
EndProject
Project("{9A19103F-16F7-4668-BE54-9A1E7A4F7556}") = "Costco.Tests", "Costco.Tests\Costco.Tests.csproj", "{B331B53F-89E2-42A2-9745-45B9F89E602E}"
EndProject
Project("{9A19103F-16F7-4668-BE54-9A1E7A4F7556}") = "Costco.Utilities", "Costco.Utilities\Costco.Utilities.csproj", "{F1DED99B-B719-4DEA-8B32-FE1D7F393140}"
EndProject
Project("{9A19103F-16F7-4668-BE54-9A1E7A4F7556}") = "Costco.Web", "Costco.Web\Costco.Web.csproj", "{54939078-77C7-4589-80EE-F922AECA8B5A}"
EndProject
Project("{FAE04EC0-301F-11D3-BF4B-00C04F79EFBC}") = "Costco.BDTTests", "Costco.BDTTests\Costco.BDTTests.csproj", "{C962DB9E-FC13-437F-909A-94F71DAEF177}"
EndProject
Global
	GlobalSection(SolutionConfigurationPlatforms) = preSolution
		Debug|Any CPU = Debug|Any CPU
		Release|Any CPU = Release|Any CPU
	EndGlobalSection
	GlobalSection(ProjectConfigurationPlatforms) = postSolution
		{EA6F1D83-DA16-4545-B480-803601167196}.Debug|Any CPU.ActiveCfg = Debug|Any CPU
		{EA6F1D83-DA16-4545-B480-803601167196}.Debug|Any CPU.Build.0 = Debug|Any CPU
		{EA6F1D83-DA16-4545-B480-803601167196}.Release|Any CPU.ActiveCfg = Release|Any CPU
		{EA6F1D83-DA16-4545-B480-803601167196}.Release|Any CPU.Build.0 = Release|Any CPU
		{05743FF1-C396-420A-9AE3-C24D08E6502E}.Debug|Any CPU.ActiveCfg = Debug|Any CPU
		{05743FF1-C396-420A-9AE3-C24D08E6502E}.Debug|Any CPU.Build.0 = Debug|Any CPU
		{05743FF1-C396-420A-9AE3-C24D08E6502E}.Release|Any CPU.ActiveCfg = Release|Any CPU
		{05743FF1-C396-420A-9AE3-C24D08E6502E}.Release|Any CPU.Build.0 = Release|Any CPU
		{B331B53F-89E2-42A2-9745-45B9F89E602E}.Debug|Any CPU.ActiveCfg = Debug|Any CPU
		{B331B53F-89E2-42A2-9745-45B9F89E602E}.Debug|Any CPU.Build.0 = Debug|Any CPU
		{B331B53F-89E2-42A2-9745-45B9F89E602E}.Release|Any CPU.ActiveCfg = Release|Any CPU
		{B331B53F-89E2-42A2-9745-45B9F89E602E}.Release|Any CPU.Build.0 = Release|Any CPU
		{F1DED99B-B719-4DEA-8B32-FE1D7F393140}.Debug|Any CPU.ActiveCfg = Debug|Any CPU
		{F1DED99B-B719-4DEA-8B32-FE1D7F393140}.Debug|Any CPU.Build.0 = Debug|Any CPU
		{F1DED99B-B719-4DEA-8B32-FE1D7F393140}.Release|Any CPU.ActiveCfg = Release|Any CPU
		{F1DED99B-B719-4DEA-8B32-FE1D7F393140}.Release|Any CPU.Build.0 = Release|Any CPU
		{54939078-77C7-4589-80EE-F922AECA8B5A}.Debug|Any CPU.ActiveCfg = Debug|Any CPU
		{54939078-77C7-4589-80EE-F922AECA8B5A}.Debug|Any CPU.Build.0 = Debug|Any CPU
		{54939078-77C7-4589-80EE-F922AECA8B5A}.Release|Any CPU.ActiveCfg = Release|Any CPU
		{54939078-77C7-4589-80EE-F922AECA8B5A}.Release|Any CPU.Build.0 = Release|Any CPU
		{C962DB9E-FC13-437F-909A-94F71DAEF177}.Debug|Any CPU.ActiveCfg = Debug|Any CPU
		{C962DB9E-FC13-437F-909A-94F71DAEF177}.Debug|Any CPU.Build.0 = Debug|Any CPU
		{C962DB9E-FC13-437F-909A-94F71DAEF177}.Release|Any CPU.ActiveCfg = Release|Any CPU
		{C962DB9E-FC13-437F-909A-94F71DAEF177}.Release|Any CPU.Build.0 = Release|Any CPU
	EndGlobalSection
	GlobalSection(SolutionProperties) = preSolution
		HideSolutionNode = FALSE
	EndGlobalSection
	GlobalSection(ExtensibilityGlobals) = postSolution
		SolutionGuid = {1E19ADED-D1D3-4D60-9D78-0595338ACAB1}
	EndGlobalSection
EndGlobal
